// !$*UTF8*$!
{
	archiveVersion = 1;
	classes = {
	};
	objectVersion = 55;
	objects = {

/* Begin PBXBuildFile section */
		5BAF9A1C280B1C4F002E17D4 /* AppDelegate.swift in Sources */ = {isa = PBXBuildFile; fileRef = 5BAF9A1B280B1C4F002E17D4 /* AppDelegate.swift */; };
		5BAF9A1E280B1C4F002E17D4 /* SceneDelegate.swift in Sources */ = {isa = PBXBuildFile; fileRef = 5BAF9A1D280B1C4F002E17D4 /* SceneDelegate.swift */; };
		5BAF9A20280B1C4F002E17D4 /* ViewController.swift in Sources */ = {isa = PBXBuildFile; fileRef = 5BAF9A1F280B1C4F002E17D4 /* ViewController.swift */; };
		5BAF9A23280B1C4F002E17D4 /* Main.storyboard in Resources */ = {isa = PBXBuildFile; fileRef = 5BAF9A21280B1C4F002E17D4 /* Main.storyboard */; };
		5BAF9A25280B1C51002E17D4 /* Assets.xcassets in Resources */ = {isa = PBXBuildFile; fileRef = 5BAF9A24280B1C51002E17D4 /* Assets.xcassets */; };
		5BAF9A28280B1C51002E17D4 /* LaunchScreen.storyboard in Resources */ = {isa = PBXBuildFile; fileRef = 5BAF9A26280B1C51002E17D4 /* LaunchScreen.storyboard */; };
		5BAF9A30280B1F80002E17D4 /* PostTableViewCell.swift in Sources */ = {isa = PBXBuildFile; fileRef = 5BAF9A2F280B1F80002E17D4 /* PostTableViewCell.swift */; };
		5BAF9A36280B2DE8002E17D4 /* PostModel.swift in Sources */ = {isa = PBXBuildFile; fileRef = 5BAF9A35280B2DE8002E17D4 /* PostModel.swift */; };
		5BAF9A38280B3144002E17D4 /* PostService.swift in Sources */ = {isa = PBXBuildFile; fileRef = 5BAF9A37280B3144002E17D4 /* PostService.swift */; };
		5BAF9A3A280B3A3E002E17D4 /* PostViewModel.swift in Sources */ = {isa = PBXBuildFile; fileRef = 5BAF9A39280B3A3E002E17D4 /* PostViewModel.swift */; };
/* End PBXBuildFile section */

/* Begin PBXFileReference section */
		5BAF9A18280B1C4F002E17D4 /* MVVMJsonPlaceHolder.app */ = {isa = PBXFileReference; explicitFileType = wrapper.application; includeInIndex = 0; path = MVVMJsonPlaceHolder.app; sourceTree = BUILT_PRODUCTS_DIR; };
		5BAF9A1B280B1C4F002E17D4 /* AppDelegate.swift */ = {isa = PBXFileReference; lastKnownFileType = sourcecode.swift; path = AppDelegate.swift; sourceTree = "<group>"; };
		5BAF9A1D280B1C4F002E17D4 /* SceneDelegate.swift */ = {isa = PBXFileReference; lastKnownFileType = sourcecode.swift; path = SceneDelegate.swift; sourceTree = "<group>"; };
		5BAF9A1F280B1C4F002E17D4 /* ViewController.swift */ = {isa = PBXFileReference; lastKnownFileType = sourcecode.swift; path = ViewController.swift; sourceTree = "<group>"; };
		5BAF9A22280B1C4F002E17D4 /* Base */ = {isa = PBXFileReference; lastKnownFileType = file.storyboard; name = Base; path = Base.lproj/Main.storyboard; sourceTree = "<group>"; };
		5BAF9A24280B1C51002E17D4 /* Assets.xcassets */ = {isa = PBXFileReference; lastKnownFileType = folder.assetcatalog; path = Assets.xcassets; sourceTree = "<group>"; };
		5BAF9A27280B1C51002E17D4 /* Base */ = {isa = PBXFileReference; lastKnownFileType = file.storyboard; name = Base; path = Base.lproj/LaunchScreen.storyboard; sourceTree = "<group>"; };
		5BAF9A29280B1C51002E17D4 /* Info.plist */ = {isa = PBXFileReference; lastKnownFileType = text.plist.xml; path = Info.plist; sourceTree = "<group>"; };
		5BAF9A2F280B1F80002E17D4 /* PostTableViewCell.swift */ = {isa = PBXFileReference; lastKnownFileType = sourcecode.swift; path = PostTableViewCell.swift; sourceTree = "<group>"; };
		5BAF9A35280B2DE8002E17D4 /* PostModel.swift */ = {isa = PBXFileReference; lastKnownFileType = sourcecode.swift; path = PostModel.swift; sourceTree = "<group>"; };
		5BAF9A37280B3144002E17D4 /* PostService.swift */ = {isa = PBXFileReference; lastKnownFileType = sourcecode.swift; path = PostService.swift; sourceTree = "<group>"; };
		5BAF9A39280B3A3E002E17D4 /* PostViewModel.swift */ = {isa = PBXFileReference; lastKnownFileType = sourcecode.swift; path = PostViewModel.swift; sourceTree = "<group>"; };
/* End PBXFileReference section */

/* Begin PBXFrameworksBuildPhase section */
		5BAF9A15280B1C4F002E17D4 /* Frameworks */ = {
			isa = PBXFrameworksBuildPhase;
			buildActionMask = 2147483647;
			files = (
			);
			runOnlyForDeploymentPostprocessing = 0;
		};
/* End PBXFrameworksBuildPhase section */

/* Begin PBXGroup section */
		5BAF9A0F280B1C4F002E17D4 = {
			isa = PBXGroup;
			children = (
				5BAF9A1A280B1C4F002E17D4 /* MVVMJsonPlaceHolder */,
				5BAF9A19280B1C4F002E17D4 /* Products */,
			);
			sourceTree = "<group>";
		};
		5BAF9A19280B1C4F002E17D4 /* Products */ = {
			isa = PBXGroup;
			children = (
				5BAF9A18280B1C4F002E17D4 /* MVVMJsonPlaceHolder.app */,
			);
			name = Products;
			sourceTree = "<group>";
		};
		5BAF9A1A280B1C4F002E17D4 /* MVVMJsonPlaceHolder */ = {
			isa = PBXGroup;
			children = (
				5BAF9A33280B2D49002E17D4 /* ViewModel */,
				5BAF9A32280B2D39002E17D4 /* Model */,
				5BAF9A34280B2D5B002E17D4 /* Service */,
				5BAF9A31280B2D2B002E17D4 /* View */,
				5BAF9A24280B1C51002E17D4 /* Assets.xcassets */,
				5BAF9A21280B1C4F002E17D4 /* Main.storyboard */,
				5BAF9A26280B1C51002E17D4 /* LaunchScreen.storyboard */,
				5BAF9A29280B1C51002E17D4 /* Info.plist */,
			);
			path = MVVMJsonPlaceHolder;
			sourceTree = "<group>";
		};
		5BAF9A31280B2D2B002E17D4 /* View */ = {
			isa = PBXGroup;
			children = (
				5BAF9A1B280B1C4F002E17D4 /* AppDelegate.swift */,
				5BAF9A1D280B1C4F002E17D4 /* SceneDelegate.swift */,
				5BAF9A1F280B1C4F002E17D4 /* ViewController.swift */,
				5BAF9A2F280B1F80002E17D4 /* PostTableViewCell.swift */,
			);
			path = View;
			sourceTree = "<group>";
		};
		5BAF9A32280B2D39002E17D4 /* Model */ = {
			isa = PBXGroup;
			children = (
				5BAF9A35280B2DE8002E17D4 /* PostModel.swift */,
			);
			path = Model;
			sourceTree = "<group>";
		};
		5BAF9A33280B2D49002E17D4 /* ViewModel */ = {
			isa = PBXGroup;
			children = (
				5BAF9A39280B3A3E002E17D4 /* PostViewModel.swift */,
			);
			path = ViewModel;
			sourceTree = "<group>";
		};
		5BAF9A34280B2D5B002E17D4 /* Service */ = {
			isa = PBXGroup;
			children = (
				5BAF9A37280B3144002E17D4 /* PostService.swift */,
			);
			path = Service;
			sourceTree = "<group>";
		};
/* End PBXGroup section */

/* Begin PBXNativeTarget section */
		5BAF9A17280B1C4F002E17D4 /* MVVMJsonPlaceHolder */ = {
			isa = PBXNativeTarget;
			buildConfigurationList = 5BAF9A2C280B1C51002E17D4 /* Build configuration list for PBXNativeTarget "MVVMJsonPlaceHolder" */;
			buildPhases = (
				5BAF9A14280B1C4F002E17D4 /* Sources */,
				5BAF9A15280B1C4F002E17D4 /* Frameworks */,
				5BAF9A16280B1C4F002E17D4 /* Resources */,
			);
			buildRules = (
			);
			dependencies = (
			);
			name = MVVMJsonPlaceHolder;
			productName = MVVMJsonPlaceHolder;
			productReference = 5BAF9A18280B1C4F002E17D4 /* MVVMJsonPlaceHolder.app */;
			productType = "com.apple.product-type.application";
		};
/* End PBXNativeTarget section */

/* Begin PBXProject section */
		5BAF9A10280B1C4F002E17D4 /* Project object */ = {
			isa = PBXProject;
			attributes = {
				BuildIndependentTargetsInParallel = 1;
				LastSwiftUpdateCheck = 1330;
				LastUpgradeCheck = 1330;
				TargetAttributes = {
					5BAF9A17280B1C4F002E17D4 = {
						CreatedOnToolsVersion = 13.3;
					};
				};
			};
			buildConfigurationList = 5BAF9A13280B1C4F002E17D4 /* Build configuration list for PBXProject "MVVMJsonPlaceHolder" */;
			compatibilityVersion = "Xcode 13.0";
			developmentRegion = en;
			hasScannedForEncodings = 0;
			knownRegions = (
				en,
				Base,
			);
			mainGroup = 5BAF9A0F280B1C4F002E17D4;
			productRefGroup = 5BAF9A19280B1C4F002E17D4 /* Products */;
			projectDirPath = "";
			projectRoot = "";
			targets = (
				5BAF9A17280B1C4F002E17D4 /* MVVMJsonPlaceHolder */,
			);
		};
/* End PBXProject section */

/* Begin PBXResourcesBuildPhase section */
		5BAF9A16280B1C4F002E17D4 /* Resources */ = {
			isa = PBXResourcesBuildPhase;
			buildActionMask = 2147483647;
			files = (
				5BAF9A28280B1C51002E17D4 /* LaunchScreen.storyboard in Resources */,
				5BAF9A25280B1C51002E17D4 /* Assets.xcassets in Resources */,
				5BAF9A23280B1C4F002E17D4 /* Main.storyboard in Resources */,
			);
			runOnlyForDeploymentPostprocessing = 0;
		};
/* End PBXResourcesBuildPhase section */

/* Begin PBXSourcesBuildPhase section */
		5BAF9A14280B1C4F002E17D4 /* Sources */ = {
			isa = PBXSourcesBuildPhase;
			buildActionMask = 2147483647;
			files = (
				5BAF9A20280B1C4F002E17D4 /* ViewController.swift in Sources */,
				5BAF9A3A280B3A3E002E17D4 /* PostViewModel.swift in Sources */,
				5BAF9A38280B3144002E17D4 /* PostService.swift in Sources */,
				5BAF9A36280B2DE8002E17D4 /* PostModel.swift in Sources */,
				5BAF9A1C280B1C4F002E17D4 /* AppDelegate.swift in Sources */,
				5BAF9A1E280B1C4F002E17D4 /* SceneDelegate.swift in Sources */,
				5BAF9A30280B1F80002E17D4 /* PostTableViewCell.swift in Sources */,
			);
			runOnlyForDeploymentPostprocessing = 0;
		};
/* End PBXSourcesBuildPhase section */

/* Begin PBXVariantGroup section */
		5BAF9A21280B1C4F002E17D4 /* Main.storyboard */ = {
			isa = PBXVariantGroup;
			children = (
				5BAF9A22280B1C4F002E17D4 /* Base */,
			);
			name = Main.storyboard;
			sourceTree = "<group>";
		};
		5BAF9A26280B1C51002E17D4 /* LaunchScreen.storyboard */ = {
			isa = PBXVariantGroup;
			children = (
				5BAF9A27280B1C51002E17D4 /* Base */,
			);
			name = LaunchScreen.storyboard;
			sourceTree = "<group>";
		};
/* End PBXVariantGroup section */

/* Begin XCBuildConfiguration section */
		5BAF9A2A280B1C51002E17D4 /* Debug */ = {
			isa = XCBuildConfiguration;
			buildSettings = {
				ALWAYS_SEARCH_USER_PATHS = NO;
				CLANG_ANALYZER_NONNULL = YES;
				CLANG_ANALYZER_NUMBER_OBJECT_CONVERSION = YES_AGGRESSIVE;
				CLANG_CXX_LANGUAGE_STANDARD = "gnu++17";
				CLANG_ENABLE_MODULES = YES;
				CLANG_ENABLE_OBJC_ARC = YES;
				CLANG_ENABLE_OBJC_WEAK = YES;
				CLANG_WARN_BLOCK_CAPTURE_AUTORELEASING = YES;
				CLANG_WARN_BOOL_CONVERSION = YES;
				CLANG_WARN_COMMA = YES;
				CLANG_WARN_CONSTANT_CONVERSION = YES;
				CLANG_WARN_DEPRECATED_OBJC_IMPLEMENTATIONS = YES;
				CLANG_WARN_DIRECT_OBJC_ISA_USAGE = YES_ERROR;
				CLANG_WARN_DOCUMENTATION_COMMENTS = YES;
				CLANG_WARN_EMPTY_BODY = YES;
				CLANG_WARN_ENUM_CONVERSION = YES;
				CLANG_WARN_INFINITE_RECURSION = YES;
				CLANG_WARN_INT_CONVERSION = YES;
				CLANG_WARN_NON_LITERAL_NULL_CONVERSION = YES;
				CLANG_WARN_OBJC_IMPLICIT_RETAIN_SELF = YES;
				CLANG_WARN_OBJC_LITERAL_CONVERSION = YES;
				CLANG_WARN_OBJC_ROOT_CLASS = YES_ERROR;
				CLANG_WARN_QUOTED_INCLUDE_IN_FRAMEWORK_HEADER = YES;
				CLANG_WARN_RANGE_LOOP_ANALYSIS = YES;
				CLANG_WARN_STRICT_PROTOTYPES = YES;
				CLANG_WARN_SUSPICIOUS_MOVE = YES;
				CLANG_WARN_UNGUARDED_AVAILABILITY = YES_AGGRESSIVE;
				CLANG_WARN_UNREACHABLE_CODE = YES;
				CLANG_WARN__DUPLICATE_METHOD_MATCH = YES;
				COPY_PHASE_STRIP = NO;
				DEBUG_INFORMATION_FORMAT = dwarf;
				ENABLE_STRICT_OBJC_MSGSEND = YES;
				ENABLE_TESTABILITY = YES;
				GCC_C_LANGUAGE_STANDARD = gnu11;
				GCC_DYNAMIC_NO_PIC = NO;
				GCC_NO_COMMON_BLOCKS = YES;
				GCC_OPTIMIZATION_LEVEL = 0;
				GCC_PREPROCESSOR_DEFINITIONS = (
					"DEBUG=1",
					"$(inherited)",
				);
				GCC_WARN_64_TO_32_BIT_CONVERSION = YES;
				GCC_WARN_ABOUT_RETURN_TYPE = YES_ERROR;
				GCC_WARN_UNDECLARED_SELECTOR = YES;
				GCC_WARN_UNINITIALIZED_AUTOS = YES_AGGRESSIVE;
				GCC_WARN_UNUSED_FUNCTION = YES;
				GCC_WARN_UNUSED_VARIABLE = YES;
				IPHONEOS_DEPLOYMENT_TARGET = 15.4;
				MTL_ENABLE_DEBUG_INFO = INCLUDE_SOURCE;
				MTL_FAST_MATH = YES;
				ONLY_ACTIVE_ARCH = YES;
				SDKROOT = iphoneos;
				SWIFT_ACTIVE_COMPILATION_CONDITIONS = DEBUG;
				SWIFT_OPTIMIZATION_LEVEL = "-Onone";
			};
			name = Debug;
		};
		5BAF9A2B280B1C51002E17D4 /* Release */ = {
			isa = XCBuildConfiguration;
			buildSettings = {
				ALWAYS_SEARCH_USER_PATHS = NO;
				CLANG_ANALYZER_NONNULL = YES;
				CLANG_ANALYZER_NUMBER_OBJECT_CONVERSION = YES_AGGRESSIVE;
				CLANG_CXX_LANGUAGE_STANDARD = "gnu++17";
				CLANG_ENABLE_MODULES = YES;
				CLANG_ENABLE_OBJC_ARC = YES;
				CLANG_ENABLE_OBJC_WEAK = YES;
				CLANG_WARN_BLOCK_CAPTURE_AUTORELEASING = YES;
				CLANG_WARN_BOOL_CONVERSION = YES;
				CLANG_WARN_COMMA = YES;
				CLANG_WARN_CONSTANT_CONVERSION = YES;
				CLANG_WARN_DEPRECATED_OBJC_IMPLEMENTATIONS = YES;
				CLANG_WARN_DIRECT_OBJC_ISA_USAGE = YES_ERROR;
				CLANG_WARN_DOCUMENTATION_COMMENTS = YES;
				CLANG_WARN_EMPTY_BODY = YES;
				CLANG_WARN_ENUM_CONVERSION = YES;
				CLANG_WARN_INFINITE_RECURSION = YES;
				CLANG_WARN_INT_CONVERSION = YES;
				CLANG_WARN_NON_LITERAL_NULL_CONVERSION = YES;
				CLANG_WARN_OBJC_IMPLICIT_RETAIN_SELF = YES;
				CLANG_WARN_OBJC_LITERAL_CONVERSION = YES;
				CLANG_WARN_OBJC_ROOT_CLASS = YES_ERROR;
				CLANG_WARN_QUOTED_INCLUDE_IN_FRAMEWORK_HEADER = YES;
				CLANG_WARN_RANGE_LOOP_ANALYSIS = YES;
				CLANG_WARN_STRICT_PROTOTYPES = YES;
				CLANG_WARN_SUSPICIOUS_MOVE = YES;
				CLANG_WARN_UNGUARDED_AVAILABILITY = YES_AGGRESSIVE;
				CLANG_WARN_UNREACHABLE_CODE = YES;
				CLANG_WARN__DUPLICATE_METHOD_MATCH = YES;
				COPY_PHASE_STRIP = NO;
				DEBUG_INFORMATION_FORMAT = "dwarf-with-dsym";
				ENABLE_NS_ASSERTIONS = NO;
				ENABLE_STRICT_OBJC_MSGSEND = YES;
				GCC_C_LANGUAGE_STANDARD = gnu11;
				GCC_NO_COMMON_BLOCKS = YES;
				GCC_WARN_64_TO_32_BIT_CONVERSION = YES;
				GCC_WARN_ABOUT_RETURN_TYPE = YES_ERROR;
				GCC_WARN_UNDECLARED_SELECTOR = YES;
				GCC_WARN_UNINITIALIZED_AUTOS = YES_AGGRESSIVE;
				GCC_WARN_UNUSED_FUNCTION = YES;
				GCC_WARN_UNUSED_VARIABLE = YES;
				IPHONEOS_DEPLOYMENT_TARGET = 15.4;
				MTL_ENABLE_DEBUG_INFO = NO;
				MTL_FAST_MATH = YES;
				SDKROOT = iphoneos;
				SWIFT_COMPILATION_MODE = wholemodule;
				SWIFT_OPTIMIZATION_LEVEL = "-O";
				VALIDATE_PRODUCT = YES;
			};
			name = Release;
		};
		5BAF9A2D280B1C51002E17D4 /* Debug */ = {
			isa = XCBuildConfiguration;
			buildSettings = {
				ASSETCATALOG_COMPILER_APPICON_NAME = AppIcon;
				ASSETCATALOG_COMPILER_GLOBAL_ACCENT_COLOR_NAME = AccentColor;
				CODE_SIGN_STYLE = Automatic;
				CURRENT_PROJECT_VERSION = 1;
				GENERATE_INFOPLIST_FILE = YES;
				INFOPLIST_FILE = MVVMJsonPlaceHolder/Info.plist;
				INFOPLIST_KEY_UIApplicationSupportsIndirectInputEvents = YES;
				INFOPLIST_KEY_UILaunchStoryboardName = LaunchScreen;
				INFOPLIST_KEY_UIMainStoryboardFile = Main;
				INFOPLIST_KEY_UISupportedInterfaceOrientations_iPad = "UIInterfaceOrientationPortrait UIInterfaceOrientationPortraitUpsideDown UIInterfaceOrientationLandscapeLeft UIInterfaceOrientationLandscapeRight";
				INFOPLIST_KEY_UISupportedInterfaceOrientations_iPhone = "UIInterfaceOrientationPortrait UIInterfaceOrientationLandscapeLeft UIInterfaceOrientationLandscapeRight";
				LD_RUNPATH_SEARCH_PATHS = (
					"$(inherited)",
					"@executable_path/Frameworks",
				);
				MARKETING_VERSION = 1.0;
				PRODUCT_BUNDLE_IDENTIFIER = sonerxdev.MVVMJsonPlaceHolder;
				PRODUCT_NAME = "$(TARGET_NAME)";
				SWIFT_EMIT_LOC_STRINGS = YES;
				SWIFT_VERSION = 5.0;
				TARGETED_DEVICE_FAMILY = "1,2";
			};
			name = Debug;
		};
		5BAF9A2E280B1C51002E17D4 /* Release */ = {
			isa = XCBuildConfiguration;
			buildSettings = {
				ASSETCATALOG_COMPILER_APPICON_NAME = AppIcon;
				ASSETCATALOG_COMPILER_GLOBAL_ACCENT_COLOR_NAME = AccentColor;
				CODE_SIGN_STYLE = Automatic;
				CURRENT_PROJECT_VERSION = 1;
				GENERATE_INFOPLIST_FILE = YES;
				INFOPLIST_FILE = MVVMJsonPlaceHolder/Info.plist;
				INFOPLIST_KEY_UIApplicationSupportsIndirectInputEvents = YES;
				INFOPLIST_KEY_UILaunchStoryboardName = LaunchScreen;
				INFOPLIST_KEY_UIMainStoryboardFile = Main;
				INFOPLIST_KEY_UISupportedInterfaceOrientations_iPad = "UIInterfaceOrientationPortrait UIInterfaceOrientationPortraitUpsideDown UIInterfaceOrientationLandscapeLeft UIInterfaceOrientationLandscapeRight";
				INFOPLIST_KEY_UISupportedInterfaceOrientations_iPhone = "UIInterfaceOrientationPortrait UIInterfaceOrientationLandscapeLeft UIInterfaceOrientationLandscapeRight";
				LD_RUNPATH_SEARCH_PATHS = (
					"$(inherited)",
					"@executable_path/Frameworks",
				);
				MARKETING_VERSION = 1.0;
				PRODUCT_BUNDLE_IDENTIFIER = sonerxdev.MVVMJsonPlaceHolder;
				PRODUCT_NAME = "$(TARGET_NAME)";
				SWIFT_EMIT_LOC_STRINGS = YES;
				SWIFT_VERSION = 5.0;
				TARGETED_DEVICE_FAMILY = "1,2";
			};
			name = Release;
		};
/* End XCBuildConfiguration section */

/* Begin XCConfigurationList section */
		5BAF9A13280B1C4F002E17D4 /* Build configuration list for PBXProject "MVVMJsonPlaceHolder" */ = {
			isa = XCConfigurationList;
			buildConfigurations = (
				5BAF9A2A280B1C51002E17D4 /* Debug */,
				5BAF9A2B280B1C51002E17D4 /* Release */,
			);
			defaultConfigurationIsVisible = 0;
			defaultConfigurationName = Release;
		};
		5BAF9A2C280B1C51002E17D4 /* Build configuration list for PBXNativeTarget "MVVMJsonPlaceHolder" */ = {
			isa = XCConfigurationList;
			buildConfigurations = (
				5BAF9A2D280B1C51002E17D4 /* Debug */,
				5BAF9A2E280B1C51002E17D4 /* Release */,
			);
			defaultConfigurationIsVisible = 0;
			defaultConfigurationName = Release;
		};
/* End XCConfigurationList section */
	};
	rootObject = 5BAF9A10280B1C4F002E17D4 /* Project object */;
}
